
Microsoft Visual Studio Solution File, Format Version 12.00
# Visual Studio Version 16
VisualStudioVersion = 16.0.31205.134
MinimumVisualStudioVersion = 10.0.40219.1
Project("{FAE04EC0-301F-11D3-BF4B-00C04F79EFBC}") = "ZipFileUploadDownload", "ZipFileUploadDownload.csproj", "{C12B9B11-F40B-4189-8E0E-62AD4E992427}"
EndProject
Global
	GlobalSection(SolutionConfigurationPlatforms) = preSolution
		Debug|Any CPU = Debug|Any CPU
		Release|Any CPU = Release|Any CPU
	EndGlobalSection
	GlobalSection(ProjectConfigurationPlatforms) = postSolution
		{C12B9B11-F40B-4189-8E0E-62AD4E992427}.Debug|Any CPU.ActiveCfg = Debug|Any CPU
		{C12B9B11-F40B-4189-8E0E-62AD4E992427}.Debug|Any CPU.Build.0 = Debug|Any CPU
		{C12B9B11-F40B-4189-8E0E-62AD4E992427}.Release|Any CPU.ActiveCfg = Release|Any CPU
		{C12B9B11-F40B-4189-8E0E-62AD4E992427}.Release|Any CPU.Build.0 = Release|Any CPU
	EndGlobalSection
	GlobalSection(SolutionProperties) = preSolution
		HideSolutionNode = FALSE
	EndGlobalSection
	GlobalSection(ExtensibilityGlobals) = postSolution
		SolutionGuid = {1001399F-927E-45D5-9FE5-4D6421C29028}
	EndGlobalSection
EndGlobal
